# THIS IS AN AUTOGENERATED FILE. DO NOT EDIT THIS FILE DIRECTLY.
# yarn lockfile v1


"@types/react@^19.1.6":
  version "19.1.6"
  resolved "https://registry.yarnpkg.com/@types/react/-/react-19.1.6.tgz#dee39f3e1e9a7d693f156a5840570b6d57f325ea"
  integrity sha512-JeG0rEWak0N6Itr6QUx+X60uQmN+5t3j9r/OVDtWzFXKaj6kD1BwJzOksD0FF6iWxZlbE1kB0q9vtnU2ekqa1Q==
  dependencies:
    csstype "^3.0.2"

"@typescript/native-preview-darwin-arm64@7.0.0-dev.20250602.1":
  version "7.0.0-dev.20250602.1"
  resolved "https://registry.yarnpkg.com/@typescript/native-preview-darwin-arm64/-/native-preview-darwin-arm64-7.0.0-dev.20250602.1.tgz#f19e7c3590b23a094a585e051631cf5fb8ae5fac"
  integrity sha512-uw2eYTrzul4jvJZLfELhLP1/ZEM7svfGbYhpQJ7q1d3pd+d/o1xThTXBP7ElLznTTaQDI0HGYB6Mjmw/osb0Uw==

"@typescript/native-preview-darwin-x64@7.0.0-dev.20250602.1":
  version "7.0.0-dev.20250602.1"
  resolved "https://registry.yarnpkg.com/@typescript/native-preview-darwin-x64/-/native-preview-darwin-x64-7.0.0-dev.20250602.1.tgz#8960213c059fadf387f05e62802f97e237e14684"
  integrity sha512-8uMmB45tNAFrnQmT9+/cclFz+u5CfmFmtGpC2ukAFvaGt0RuRss6veRSXiO5R00Vt3b8Uo9044rGv6AXPX7nuA==

"@typescript/native-preview-linux-arm64@7.0.0-dev.20250602.1":
  version "7.0.0-dev.20250602.1"
  resolved "https://registry.yarnpkg.com/@typescript/native-preview-linux-arm64/-/native-preview-linux-arm64-7.0.0-dev.20250602.1.tgz#2e1b6e607847fd2a5ea2bb4903c4e907b06a52c6"
  integrity sha512-T9vD4SGmhbNQo7L3GllRf5O7tJZJXY4iK8tlHPGHUGBI5O8Nuz/Ddl1DXrWqSug2zrH92LchlsdgE9ZG8DcF1w==

"@typescript/native-preview-linux-arm@7.0.0-dev.20250602.1":
  version "7.0.0-dev.20250602.1"
  resolved "https://registry.yarnpkg.com/@typescript/native-preview-linux-arm/-/native-preview-linux-arm-7.0.0-dev.20250602.1.tgz#d43cee00deb9e1e92586b8718b5e1eb4c7ba2832"
  integrity sha512-5gu+oaj/PMShIPDg4EKmaUI9FK6Q4Vxq90OG+gbnJOVXtXJ6hyxHVi4OIv8fE7IafXDxIV00x5V36+Z5RFzXMQ==

"@typescript/native-preview-linux-x64@7.0.0-dev.20250602.1":
  version "7.0.0-dev.20250602.1"
  resolved "https://registry.yarnpkg.com/@typescript/native-preview-linux-x64/-/native-preview-linux-x64-7.0.0-dev.20250602.1.tgz#5201c1296d53657d0045547c380b3adcb50a1919"
  integrity sha512-1uxFo1zlJ1FF2s2MxJgE4SmS/Q/4PuUXXxBu0iMM/mrNEkSxXdJwrn7yiRql5aQ+mKou/PmmAUQD/cZarXmCQQ==

"@typescript/native-preview-win32-arm64@7.0.0-dev.20250602.1":
  version "7.0.0-dev.20250602.1"
  resolved "https://registry.yarnpkg.com/@typescript/native-preview-win32-arm64/-/native-preview-win32-arm64-7.0.0-dev.20250602.1.tgz#13f0631a81333cad5902ac3166a530db00dd3a1f"
  integrity sha512-tlmKv5/K5E0hPwBV5rLEG8p7166LktiqTq5rDqefuNs/j/JTLjSjUoV14H3q9PTsxeM5Q7cWbW2orNH79Mg8RA==

"@typescript/native-preview-win32-x64@7.0.0-dev.20250602.1":
  version "7.0.0-dev.20250602.1"
  resolved "https://registry.yarnpkg.com/@typescript/native-preview-win32-x64/-/native-preview-win32-x64-7.0.0-dev.20250602.1.tgz#6e54be70e7c6ac8b3347764062777481f459e4f9"
  integrity sha512-qc04a3nlaCicLVg8aN8UEPkpRIJY9vD2k8S7wCTL68q6FPzn/1yveFCrn+eGe3wRT4H9PXyZmDiySySycLxGeQ==

"@typescript/native-preview@^7.0.0-dev.20250602.1":
  version "7.0.0-dev.20250602.1"
  resolved "https://registry.yarnpkg.com/@typescript/native-preview/-/native-preview-7.0.0-dev.20250602.1.tgz#a6441d1d95780d518dd80337e77ed06faf1f4e41"
  integrity sha512-QuIKBvLIlp/aaArUmo+F4xaHe1AJ9AUjRuqto+WWX4OAttMR4hM7FRs1rQX7UQAi5SaP5lB+SdiSt/wU8K4C4g==
  optionalDependencies:
    "@typescript/native-preview-darwin-arm64" "7.0.0-dev.20250602.1"
    "@typescript/native-preview-darwin-x64" "7.0.0-dev.20250602.1"
    "@typescript/native-preview-linux-arm" "7.0.0-dev.20250602.1"
    "@typescript/native-preview-linux-arm64" "7.0.0-dev.20250602.1"
    "@typescript/native-preview-linux-x64" "7.0.0-dev.20250602.1"
    "@typescript/native-preview-win32-arm64" "7.0.0-dev.20250602.1"
    "@typescript/native-preview-win32-x64" "7.0.0-dev.20250602.1"

csstype@^3.0.2:
  version "3.1.3"
  resolved "https://registry.yarnpkg.com/csstype/-/csstype-3.1.3.tgz#d80ff294d114fb0e6ac500fbf85b60137d7eff81"
  integrity sha512-M1uQkMl8rQK/szD0LNhtqxIPLpimGm8sOBwU7lLnCpSbTyY3yeU1Vc7l4KT5zT4s/yOxHH5O7tIuuLOCnLADRw==

react@^19.1.0:
  version "19.1.0"
  resolved "https://registry.yarnpkg.com/react/-/react-19.1.0.tgz#926864b6c48da7627f004795d6cce50e90793b75"
  integrity sha512-FS+XFBNvn3GTAWq26joslQgWNoFu08F4kl0J4CgdNKADkdSGXQyTCnKteIAJy96Br6YbpEU1LSzV5dYtjMkMDg==
